
Microsoft Visual Studio Solution File, Format Version 12.00
# Visual Studio Version 17
VisualStudioVersion = 17.1.32104.313
MinimumVisualStudioVersion = 10.0.40219.1
Project("{FAE04EC0-301F-11D3-BF4B-00C04F79EFBC}") = "RaptoreumWallet.UWP", "RaptoreumWallet.UWP\RaptoreumWallet.UWP.csproj", "{1ADA4358-5FB2-4C4D-9DFB-25D0CEF3DDAB}"
EndProject
Project("{FAE04EC0-301F-11D3-BF4B-00C04F79EFBC}") = "RaptoreumWallet.Android", "RaptoreumWallet.Android\RaptoreumWallet.Android.csproj", "{FC03AF3C-A623-4022-A9C9-2135C56F6F9A}"
EndProject
Project("{FAE04EC0-301F-11D3-BF4B-00C04F79EFBC}") = "RaptoreumWallet.iOS", "RaptoreumWallet.iOS\RaptoreumWallet.iOS.csproj", "{FD29F376-CFEC-4F5A-8A83-4C76E9EE9C44}"
EndProject
Project("{9A19103F-16F7-4668-BE54-9A1E7A4F7556}") = "RaptoreumWallet", "RaptoreumWallet\RaptoreumWallet.csproj", "{99EF4D5B-8FA2-4091-ADC5-62F2B3C71D89}"
EndProject
Project("{FAE04EC0-301F-11D3-BF4B-00C04F79EFBC}") = "RaptoreumWallet.Api", "RaptoreumWallet.Api\RaptoreumWallet.Api.csproj", "{38587556-00E9-4A34-974A-042248E37B65}"
EndProject
Project("{FAE04EC0-301F-11D3-BF4B-00C04F79EFBC}") = "RaptoreumWallet.Wallet", "RaptoreumWallet.Wallet\RaptoreumWallet.Wallet.csproj", "{E193E768-831C-429D-A5D4-56BE70D8D190}"
EndProject
Project("{FAE04EC0-301F-11D3-BF4B-00C04F79EFBC}") = "RaptoreumWallet.Common", "RaptoreumWallet.Common\RaptoreumWallet.Common.csproj", "{C42B6DCD-C58B-4504-A624-010F33AA4F3A}"
EndProject
Project("{2150E333-8FDC-42A3-9474-1A3956D46DE8}") = "Targets", "Targets", "{60BB9474-6E19-40BC-9D8E-2A55356BF041}"
EndProject
Global
	GlobalSection(SolutionConfigurationPlatforms) = preSolution
		Debug|Any CPU = Debug|Any CPU
		Debug|ARM = Debug|ARM
		Debug|iPhone = Debug|iPhone
		Debug|iPhoneSimulator = Debug|iPhoneSimulator
		Debug|x64 = Debug|x64
		Debug|x86 = Debug|x86
		Release|Any CPU = Release|Any CPU
		Release|ARM = Release|ARM
		Release|iPhone = Release|iPhone
		Release|iPhoneSimulator = Release|iPhoneSimulator
		Release|x64 = Release|x64
		Release|x86 = Release|x86
	EndGlobalSection
	GlobalSection(ProjectConfigurationPlatforms) = postSolution
		{1ADA4358-5FB2-4C4D-9DFB-25D0CEF3DDAB}.Debug|Any CPU.ActiveCfg = Debug|x64
		{1ADA4358-5FB2-4C4D-9DFB-25D0CEF3DDAB}.Debug|Any CPU.Build.0 = Debug|x64
		{1ADA4358-5FB2-4C4D-9DFB-25D0CEF3DDAB}.Debug|Any CPU.Deploy.0 = Debug|x64
		{1ADA4358-5FB2-4C4D-9DFB-25D0CEF3DDAB}.Debug|ARM.ActiveCfg = Debug|ARM
		{1ADA4358-5FB2-4C4D-9DFB-25D0CEF3DDAB}.Debug|ARM.Build.0 = Debug|ARM
		{1ADA4358-5FB2-4C4D-9DFB-25D0CEF3DDAB}.Debug|ARM.Deploy.0 = Debug|ARM
		{1ADA4358-5FB2-4C4D-9DFB-25D0CEF3DDAB}.Debug|iPhone.ActiveCfg = Debug|x64
		{1ADA4358-5FB2-4C4D-9DFB-25D0CEF3DDAB}.Debug|iPhone.Build.0 = Debug|x64
		{1ADA4358-5FB2-4C4D-9DFB-25D0CEF3DDAB}.Debug|iPhone.Deploy.0 = Debug|x64
		{1ADA4358-5FB2-4C4D-9DFB-25D0CEF3DDAB}.Debug|iPhoneSimulator.ActiveCfg = Debug|x64
		{1ADA4358-5FB2-4C4D-9DFB-25D0CEF3DDAB}.Debug|iPhoneSimulator.Build.0 = Debug|x64
		{1ADA4358-5FB2-4C4D-9DFB-25D0CEF3DDAB}.Debug|iPhoneSimulator.Deploy.0 = Debug|x64
		{1ADA4358-5FB2-4C4D-9DFB-25D0CEF3DDAB}.Debug|x64.ActiveCfg = Debug|x64
		{1ADA4358-5FB2-4C4D-9DFB-25D0CEF3DDAB}.Debug|x64.Build.0 = Debug|x64
		{1ADA4358-5FB2-4C4D-9DFB-25D0CEF3DDAB}.Debug|x64.Deploy.0 = Debug|x64
		{1ADA4358-5FB2-4C4D-9DFB-25D0CEF3DDAB}.Debug|x86.ActiveCfg = Debug|x86
		{1ADA4358-5FB2-4C4D-9DFB-25D0CEF3DDAB}.Debug|x86.Build.0 = Debug|x86
		{1ADA4358-5FB2-4C4D-9DFB-25D0CEF3DDAB}.Debug|x86.Deploy.0 = Debug|x86
		{1ADA4358-5FB2-4C4D-9DFB-25D0CEF3DDAB}.Release|Any CPU.ActiveCfg = Release|x64
		{1ADA4358-5FB2-4C4D-9DFB-25D0CEF3DDAB}.Release|Any CPU.Build.0 = Release|x64
		{1ADA4358-5FB2-4C4D-9DFB-25D0CEF3DDAB}.Release|Any CPU.Deploy.0 = Release|x64
		{1ADA4358-5FB2-4C4D-9DFB-25D0CEF3DDAB}.Release|ARM.ActiveCfg = Release|ARM
		{1ADA4358-5FB2-4C4D-9DFB-25D0CEF3DDAB}.Release|ARM.Build.0 = Release|ARM
		{1ADA4358-5FB2-4C4D-9DFB-25D0CEF3DDAB}.Release|ARM.Deploy.0 = Release|ARM
		{1ADA4358-5FB2-4C4D-9DFB-25D0CEF3DDAB}.Release|iPhone.ActiveCfg = Release|x64
		{1ADA4358-5FB2-4C4D-9DFB-25D0CEF3DDAB}.Release|iPhone.Build.0 = Release|x64
		{1ADA4358-5FB2-4C4D-9DFB-25D0CEF3DDAB}.Release|iPhone.Deploy.0 = Release|x64
		{1ADA4358-5FB2-4C4D-9DFB-25D0CEF3DDAB}.Release|iPhoneSimulator.ActiveCfg = Release|x64
		{1ADA4358-5FB2-4C4D-9DFB-25D0CEF3DDAB}.Release|iPhoneSimulator.Build.0 = Release|x64
		{1ADA4358-5FB2-4C4D-9DFB-25D0CEF3DDAB}.Release|iPhoneSimulator.Deploy.0 = Release|x64
		{1ADA4358-5FB2-4C4D-9DFB-25D0CEF3DDAB}.Release|x64.ActiveCfg = Release|x64
		{1ADA4358-5FB2-4C4D-9DFB-25D0CEF3DDAB}.Release|x64.Build.0 = Release|x64
		{1ADA4358-5FB2-4C4D-9DFB-25D0CEF3DDAB}.Release|x64.Deploy.0 = Release|x64
		{1ADA4358-5FB2-4C4D-9DFB-25D0CEF3DDAB}.Release|x86.ActiveCfg = Release|x86
		{1ADA4358-5FB2-4C4D-9DFB-25D0CEF3DDAB}.Release|x86.Build.0 = Release|x86
		{1ADA4358-5FB2-4C4D-9DFB-25D0CEF3DDAB}.Release|x86.Deploy.0 = Release|x86
		{FC03AF3C-A623-4022-A9C9-2135C56F6F9A}.Debug|Any CPU.ActiveCfg = Debug|Any CPU
		{FC03AF3C-A623-4022-A9C9-2135C56F6F9A}.Debug|Any CPU.Build.0 = Debug|Any CPU
		{FC03AF3C-A623-4022-A9C9-2135C56F6F9A}.Debug|Any CPU.Deploy.0 = Debug|Any CPU
		{FC03AF3C-A623-4022-A9C9-2135C56F6F9A}.Debug|ARM.ActiveCfg = Debug|Any CPU
		{FC03AF3C-A623-4022-A9C9-2135C56F6F9A}.Debug|ARM.Build.0 = Debug|Any CPU
		{FC03AF3C-A623-4022-A9C9-2135C56F6F9A}.Debug|ARM.Deploy.0 = Debug|Any CPU
		{FC03AF3C-A623-4022-A9C9-2135C56F6F9A}.Debug|iPhone.ActiveCfg = Debug|Any CPU
		{FC03AF3C-A623-4022-A9C9-2135C56F6F9A}.Debug|iPhone.Build.0 = Debug|Any CPU
		{FC03AF3C-A623-4022-A9C9-2135C56F6F9A}.Debug|iPhone.Deploy.0 = Debug|Any CPU
		{FC03AF3C-A623-4022-A9C9-2135C56F6F9A}.Debug|iPhoneSimulator.ActiveCfg = Debug|Any CPU
		{FC03AF3C-A623-4022-A9C9-2135C56F6F9A}.Debug|iPhoneSimulator.Build.0 = Debug|Any CPU
		{FC03AF3C-A623-4022-A9C9-2135C56F6F9A}.Debug|iPhoneSimulator.Deploy.0 = Debug|Any CPU
		{FC03AF3C-A623-4022-A9C9-2135C56F6F9A}.Debug|x64.ActiveCfg = Debug|Any CPU
		{FC03AF3C-A623-4022-A9C9-2135C56F6F9A}.Debug|x64.Build.0 = Debug|Any CPU
		{FC03AF3C-A623-4022-A9C9-2135C56F6F9A}.Debug|x64.Deploy.0 = Debug|Any CPU
		{FC03AF3C-A623-4022-A9C9-2135C56F6F9A}.Debug|x86.ActiveCfg = Debug|Any CPU
		{FC03AF3C-A623-4022-A9C9-2135C56F6F9A}.Debug|x86.Build.0 = Debug|Any CPU
		{FC03AF3C-A623-4022-A9C9-2135C56F6F9A}.Debug|x86.Deploy.0 = Debug|Any CPU
		{FC03AF3C-A623-4022-A9C9-2135C56F6F9A}.Release|Any CPU.ActiveCfg = Release|Any CPU
		{FC03AF3C-A623-4022-A9C9-2135C56F6F9A}.Release|Any CPU.Build.0 = Release|Any CPU
		{FC03AF3C-A623-4022-A9C9-2135C56F6F9A}.Release|Any CPU.Deploy.0 = Release|Any CPU
		{FC03AF3C-A623-4022-A9C9-2135C56F6F9A}.Release|ARM.ActiveCfg = Release|Any CPU
		{FC03AF3C-A623-4022-A9C9-2135C56F6F9A}.Release|ARM.Build.0 = Release|Any CPU
		{FC03AF3C-A623-4022-A9C9-2135C56F6F9A}.Release|ARM.Deploy.0 = Release|Any CPU
		{FC03AF3C-A623-4022-A9C9-2135C56F6F9A}.Release|iPhone.ActiveCfg = Release|Any CPU
		{FC03AF3C-A623-4022-A9C9-2135C56F6F9A}.Release|iPhone.Build.0 = Release|Any CPU
		{FC03AF3C-A623-4022-A9C9-2135C56F6F9A}.Release|iPhone.Deploy.0 = Release|Any CPU
		{FC03AF3C-A623-4022-A9C9-2135C56F6F9A}.Release|iPhoneSimulator.ActiveCfg = Release|Any CPU
		{FC03AF3C-A623-4022-A9C9-2135C56F6F9A}.Release|iPhoneSimulator.Build.0 = Release|Any CPU
		{FC03AF3C-A623-4022-A9C9-2135C56F6F9A}.Release|iPhoneSimulator.Deploy.0 = Release|Any CPU
		{FC03AF3C-A623-4022-A9C9-2135C56F6F9A}.Release|x64.ActiveCfg = Release|Any CPU
		{FC03AF3C-A623-4022-A9C9-2135C56F6F9A}.Release|x64.Build.0 = Release|Any CPU
		{FC03AF3C-A623-4022-A9C9-2135C56F6F9A}.Release|x64.Deploy.0 = Release|Any CPU
		{FC03AF3C-A623-4022-A9C9-2135C56F6F9A}.Release|x86.ActiveCfg = Release|Any CPU
		{FC03AF3C-A623-4022-A9C9-2135C56F6F9A}.Release|x86.Build.0 = Release|Any CPU
		{FC03AF3C-A623-4022-A9C9-2135C56F6F9A}.Release|x86.Deploy.0 = Release|Any CPU
		{FD29F376-CFEC-4F5A-8A83-4C76E9EE9C44}.Debug|Any CPU.ActiveCfg = Debug|iPhoneSimulator
		{FD29F376-CFEC-4F5A-8A83-4C76E9EE9C44}.Debug|Any CPU.Build.0 = Debug|iPhoneSimulator
		{FD29F376-CFEC-4F5A-8A83-4C76E9EE9C44}.Debug|Any CPU.Deploy.0 = Debug|iPhoneSimulator
		{FD29F376-CFEC-4F5A-8A83-4C76E9EE9C44}.Debug|ARM.ActiveCfg = Debug|iPhoneSimulator
		{FD29F376-CFEC-4F5A-8A83-4C76E9EE9C44}.Debug|ARM.Build.0 = Debug|iPhoneSimulator
		{FD29F376-CFEC-4F5A-8A83-4C76E9EE9C44}.Debug|ARM.Deploy.0 = Debug|iPhoneSimulator
		{FD29F376-CFEC-4F5A-8A83-4C76E9EE9C44}.Debug|iPhone.ActiveCfg = Debug|iPhone
		{FD29F376-CFEC-4F5A-8A83-4C76E9EE9C44}.Debug|iPhone.Build.0 = Debug|iPhone
		{FD29F376-CFEC-4F5A-8A83-4C76E9EE9C44}.Debug|iPhone.Deploy.0 = Debug|iPhone
		{FD29F376-CFEC-4F5A-8A83-4C76E9EE9C44}.Debug|iPhoneSimulator.ActiveCfg = Debug|iPhoneSimulator
		{FD29F376-CFEC-4F5A-8A83-4C76E9EE9C44}.Debug|iPhoneSimulator.Build.0 = Debug|iPhoneSimulator
		{FD29F376-CFEC-4F5A-8A83-4C76E9EE9C44}.Debug|iPhoneSimulator.Deploy.0 = Debug|iPhoneSimulator
		{FD29F376-CFEC-4F5A-8A83-4C76E9EE9C44}.Debug|x64.ActiveCfg = Debug|iPhone
		{FD29F376-CFEC-4F5A-8A83-4C76E9EE9C44}.Debug|x64.Build.0 = Debug|iPhone
		{FD29F376-CFEC-4F5A-8A83-4C76E9EE9C44}.Debug|x64.Deploy.0 = Debug|iPhone
		{FD29F376-CFEC-4F5A-8A83-4C76E9EE9C44}.Debug|x86.ActiveCfg = Debug|iPhoneSimulator
		{FD29F376-CFEC-4F5A-8A83-4C76E9EE9C44}.Debug|x86.Build.0 = Debug|iPhoneSimulator
		{FD29F376-CFEC-4F5A-8A83-4C76E9EE9C44}.Debug|x86.Deploy.0 = Debug|iPhoneSimulator
		{FD29F376-CFEC-4F5A-8A83-4C76E9EE9C44}.Release|Any CPU.ActiveCfg = Release|iPhoneSimulator
		{FD29F376-CFEC-4F5A-8A83-4C76E9EE9C44}.Release|Any CPU.Build.0 = Release|iPhoneSimulator
		{FD29F376-CFEC-4F5A-8A83-4C76E9EE9C44}.Release|Any CPU.Deploy.0 = Release|iPhoneSimulator
		{FD29F376-CFEC-4F5A-8A83-4C76E9EE9C44}.Release|ARM.ActiveCfg = Release|iPhoneSimulator
		{FD29F376-CFEC-4F5A-8A83-4C76E9EE9C44}.Release|ARM.Build.0 = Release|iPhoneSimulator
		{FD29F376-CFEC-4F5A-8A83-4C76E9EE9C44}.Release|ARM.Deploy.0 = Release|iPhoneSimulator
		{FD29F376-CFEC-4F5A-8A83-4C76E9EE9C44}.Release|iPhone.ActiveCfg = Release|iPhone
		{FD29F376-CFEC-4F5A-8A83-4C76E9EE9C44}.Release|iPhone.Build.0 = Release|iPhone
		{FD29F376-CFEC-4F5A-8A83-4C76E9EE9C44}.Release|iPhone.Deploy.0 = Release|iPhone
		{FD29F376-CFEC-4F5A-8A83-4C76E9EE9C44}.Release|iPhoneSimulator.ActiveCfg = Release|iPhoneSimulator
		{FD29F376-CFEC-4F5A-8A83-4C76E9EE9C44}.Release|iPhoneSimulator.Build.0 = Release|iPhoneSimulator
		{FD29F376-CFEC-4F5A-8A83-4C76E9EE9C44}.Release|iPhoneSimulator.Deploy.0 = Release|iPhoneSimulator
		{FD29F376-CFEC-4F5A-8A83-4C76E9EE9C44}.Release|x64.ActiveCfg = Release|iPhoneSimulator
		{FD29F376-CFEC-4F5A-8A83-4C76E9EE9C44}.Release|x64.Build.0 = Release|iPhoneSimulator
		{FD29F376-CFEC-4F5A-8A83-4C76E9EE9C44}.Release|x64.Deploy.0 = Release|iPhoneSimulator
		{FD29F376-CFEC-4F5A-8A83-4C76E9EE9C44}.Release|x86.ActiveCfg = Release|iPhoneSimulator
		{FD29F376-CFEC-4F5A-8A83-4C76E9EE9C44}.Release|x86.Build.0 = Release|iPhoneSimulator
		{FD29F376-CFEC-4F5A-8A83-4C76E9EE9C44}.Release|x86.Deploy.0 = Release|iPhoneSimulator
		{99EF4D5B-8FA2-4091-ADC5-62F2B3C71D89}.Debug|Any CPU.ActiveCfg = Debug|Any CPU
		{99EF4D5B-8FA2-4091-ADC5-62F2B3C71D89}.Debug|Any CPU.Build.0 = Debug|Any CPU
		{99EF4D5B-8FA2-4091-ADC5-62F2B3C71D89}.Debug|Any CPU.Deploy.0 = Debug|Any CPU
		{99EF4D5B-8FA2-4091-ADC5-62F2B3C71D89}.Debug|ARM.ActiveCfg = Debug|Any CPU
		{99EF4D5B-8FA2-4091-ADC5-62F2B3C71D89}.Debug|ARM.Build.0 = Debug|Any CPU
		{99EF4D5B-8FA2-4091-ADC5-62F2B3C71D89}.Debug|ARM.Deploy.0 = Debug|Any CPU
		{99EF4D5B-8FA2-4091-ADC5-62F2B3C71D89}.Debug|iPhone.ActiveCfg = Debug|Any CPU
		{99EF4D5B-8FA2-4091-ADC5-62F2B3C71D89}.Debug|iPhone.Build.0 = Debug|Any CPU
		{99EF4D5B-8FA2-4091-ADC5-62F2B3C71D89}.Debug|iPhone.Deploy.0 = Debug|Any CPU
		{99EF4D5B-8FA2-4091-ADC5-62F2B3C71D89}.Debug|iPhoneSimulator.ActiveCfg = Debug|Any CPU
		{99EF4D5B-8FA2-4091-ADC5-62F2B3C71D89}.Debug|iPhoneSimulator.Build.0 = Debug|Any CPU
		{99EF4D5B-8FA2-4091-ADC5-62F2B3C71D89}.Debug|iPhoneSimulator.Deploy.0 = Debug|Any CPU
		{99EF4D5B-8FA2-4091-ADC5-62F2B3C71D89}.Debug|x64.ActiveCfg = Debug|Any CPU
		{99EF4D5B-8FA2-4091-ADC5-62F2B3C71D89}.Debug|x64.Build.0 = Debug|Any CPU
		{99EF4D5B-8FA2-4091-ADC5-62F2B3C71D89}.Debug|x64.Deploy.0 = Debug|Any CPU
		{99EF4D5B-8FA2-4091-ADC5-62F2B3C71D89}.Debug|x86.ActiveCfg = Debug|Any CPU
		{99EF4D5B-8FA2-4091-ADC5-62F2B3C71D89}.Debug|x86.Build.0 = Debug|Any CPU
		{99EF4D5B-8FA2-4091-ADC5-62F2B3C71D89}.Debug|x86.Deploy.0 = Debug|Any CPU
		{99EF4D5B-8FA2-4091-ADC5-62F2B3C71D89}.Release|Any CPU.ActiveCfg = Release|Any CPU
		{99EF4D5B-8FA2-4091-ADC5-62F2B3C71D89}.Release|Any CPU.Build.0 = Release|Any CPU
		{99EF4D5B-8FA2-4091-ADC5-62F2B3C71D89}.Release|Any CPU.Deploy.0 = Release|Any CPU
		{99EF4D5B-8FA2-4091-ADC5-62F2B3C71D89}.Release|ARM.ActiveCfg = Release|Any CPU
		{99EF4D5B-8FA2-4091-ADC5-62F2B3C71D89}.Release|ARM.Build.0 = Release|Any CPU
		{99EF4D5B-8FA2-4091-ADC5-62F2B3C71D89}.Release|ARM.Deploy.0 = Release|Any CPU
		{99EF4D5B-8FA2-4091-ADC5-62F2B3C71D89}.Release|iPhone.ActiveCfg = Release|Any CPU
		{99EF4D5B-8FA2-4091-ADC5-62F2B3C71D89}.Release|iPhone.Build.0 = Release|Any CPU
		{99EF4D5B-8FA2-4091-ADC5-62F2B3C71D89}.Release|iPhone.Deploy.0 = Release|Any CPU
		{99EF4D5B-8FA2-4091-ADC5-62F2B3C71D89}.Release|iPhoneSimulator.ActiveCfg = Release|Any CPU
		{99EF4D5B-8FA2-4091-ADC5-62F2B3C71D89}.Release|iPhoneSimulator.Build.0 = Release|Any CPU
		{99EF4D5B-8FA2-4091-ADC5-62F2B3C71D89}.Release|iPhoneSimulator.Deploy.0 = Release|Any CPU
		{99EF4D5B-8FA2-4091-ADC5-62F2B3C71D89}.Release|x64.ActiveCfg = Release|Any CPU
		{99EF4D5B-8FA2-4091-ADC5-62F2B3C71D89}.Release|x64.Build.0 = Release|Any CPU
		{99EF4D5B-8FA2-4091-ADC5-62F2B3C71D89}.Release|x64.Deploy.0 = Release|Any CPU
		{99EF4D5B-8FA2-4091-ADC5-62F2B3C71D89}.Release|x86.ActiveCfg = Release|Any CPU
		{99EF4D5B-8FA2-4091-ADC5-62F2B3C71D89}.Release|x86.Build.0 = Release|Any CPU
		{99EF4D5B-8FA2-4091-ADC5-62F2B3C71D89}.Release|x86.Deploy.0 = Release|Any CPU
		{38587556-00E9-4A34-974A-042248E37B65}.Debug|Any CPU.ActiveCfg = Debug|Any CPU
		{38587556-00E9-4A34-974A-042248E37B65}.Debug|Any CPU.Build.0 = Debug|Any CPU
		{38587556-00E9-4A34-974A-042248E37B65}.Debug|ARM.ActiveCfg = Debug|Any CPU
		{38587556-00E9-4A34-974A-042248E37B65}.Debug|ARM.Build.0 = Debug|Any CPU
		{38587556-00E9-4A34-974A-042248E37B65}.Debug|iPhone.ActiveCfg = Debug|Any CPU
		{38587556-00E9-4A34-974A-042248E37B65}.Debug|iPhone.Build.0 = Debug|Any CPU
		{38587556-00E9-4A34-974A-042248E37B65}.Debug|iPhoneSimulator.ActiveCfg = Debug|Any CPU
		{38587556-00E9-4A34-974A-042248E37B65}.Debug|iPhoneSimulator.Build.0 = Debug|Any CPU
		{38587556-00E9-4A34-974A-042248E37B65}.Debug|x64.ActiveCfg = Debug|Any CPU
		{38587556-00E9-4A34-974A-042248E37B65}.Debug|x64.Build.0 = Debug|Any CPU
		{38587556-00E9-4A34-974A-042248E37B65}.Debug|x86.ActiveCfg = Debug|Any CPU
		{38587556-00E9-4A34-974A-042248E37B65}.Debug|x86.Build.0 = Debug|Any CPU
		{38587556-00E9-4A34-974A-042248E37B65}.Release|Any CPU.ActiveCfg = Release|Any CPU
		{38587556-00E9-4A34-974A-042248E37B65}.Release|Any CPU.Build.0 = Release|Any CPU
		{38587556-00E9-4A34-974A-042248E37B65}.Release|ARM.ActiveCfg = Release|Any CPU
		{38587556-00E9-4A34-974A-042248E37B65}.Release|ARM.Build.0 = Release|Any CPU
		{38587556-00E9-4A34-974A-042248E37B65}.Release|iPhone.ActiveCfg = Release|Any CPU
		{38587556-00E9-4A34-974A-042248E37B65}.Release|iPhone.Build.0 = Release|Any CPU
		{38587556-00E9-4A34-974A-042248E37B65}.Release|iPhoneSimulator.ActiveCfg = Release|Any CPU
		{38587556-00E9-4A34-974A-042248E37B65}.Release|iPhoneSimulator.Build.0 = Release|Any CPU
		{38587556-00E9-4A34-974A-042248E37B65}.Release|x64.ActiveCfg = Release|Any CPU
		{38587556-00E9-4A34-974A-042248E37B65}.Release|x64.Build.0 = Release|Any CPU
		{38587556-00E9-4A34-974A-042248E37B65}.Release|x86.ActiveCfg = Release|Any CPU
		{38587556-00E9-4A34-974A-042248E37B65}.Release|x86.Build.0 = Release|Any CPU
		{E193E768-831C-429D-A5D4-56BE70D8D190}.Debug|Any CPU.ActiveCfg = Debug|Any CPU
		{E193E768-831C-429D-A5D4-56BE70D8D190}.Debug|Any CPU.Build.0 = Debug|Any CPU
		{E193E768-831C-429D-A5D4-56BE70D8D190}.Debug|ARM.ActiveCfg = Debug|Any CPU
		{E193E768-831C-429D-A5D4-56BE70D8D190}.Debug|ARM.Build.0 = Debug|Any CPU
		{E193E768-831C-429D-A5D4-56BE70D8D190}.Debug|iPhone.ActiveCfg = Debug|Any CPU
		{E193E768-831C-429D-A5D4-56BE70D8D190}.Debug|iPhone.Build.0 = Debug|Any CPU
		{E193E768-831C-429D-A5D4-56BE70D8D190}.Debug|iPhoneSimulator.ActiveCfg = Debug|Any CPU
		{E193E768-831C-429D-A5D4-56BE70D8D190}.Debug|iPhoneSimulator.Build.0 = Debug|Any CPU
		{E193E768-831C-429D-A5D4-56BE70D8D190}.Debug|x64.ActiveCfg = Debug|Any CPU
		{E193E768-831C-429D-A5D4-56BE70D8D190}.Debug|x64.Build.0 = Debug|Any CPU
		{E193E768-831C-429D-A5D4-56BE70D8D190}.Debug|x86.ActiveCfg = Debug|Any CPU
		{E193E768-831C-429D-A5D4-56BE70D8D190}.Debug|x86.Build.0 = Debug|Any CPU
		{E193E768-831C-429D-A5D4-56BE70D8D190}.Release|Any CPU.ActiveCfg = Release|Any CPU
		{E193E768-831C-429D-A5D4-56BE70D8D190}.Release|Any CPU.Build.0 = Release|Any CPU
		{E193E768-831C-429D-A5D4-56BE70D8D190}.Release|ARM.ActiveCfg = Release|Any CPU
		{E193E768-831C-429D-A5D4-56BE70D8D190}.Release|ARM.Build.0 = Release|Any CPU
		{E193E768-831C-429D-A5D4-56BE70D8D190}.Release|iPhone.ActiveCfg = Release|Any CPU
		{E193E768-831C-429D-A5D4-56BE70D8D190}.Release|iPhone.Build.0 = Release|Any CPU
		{E193E768-831C-429D-A5D4-56BE70D8D190}.Release|iPhoneSimulator.ActiveCfg = Release|Any CPU
		{E193E768-831C-429D-A5D4-56BE70D8D190}.Release|iPhoneSimulator.Build.0 = Release|Any CPU
		{E193E768-831C-429D-A5D4-56BE70D8D190}.Release|x64.ActiveCfg = Release|Any CPU
		{E193E768-831C-429D-A5D4-56BE70D8D190}.Release|x64.Build.0 = Release|Any CPU
		{E193E768-831C-429D-A5D4-56BE70D8D190}.Release|x86.ActiveCfg = Release|Any CPU
		{E193E768-831C-429D-A5D4-56BE70D8D190}.Release|x86.Build.0 = Release|Any CPU
		{C42B6DCD-C58B-4504-A624-010F33AA4F3A}.Debug|Any CPU.ActiveCfg = Debug|Any CPU
		{C42B6DCD-C58B-4504-A624-010F33AA4F3A}.Debug|Any CPU.Build.0 = Debug|Any CPU
		{C42B6DCD-C58B-4504-A624-010F33AA4F3A}.Debug|ARM.ActiveCfg = Debug|Any CPU
		{C42B6DCD-C58B-4504-A624-010F33AA4F3A}.Debug|ARM.Build.0 = Debug|Any CPU
		{C42B6DCD-C58B-4504-A624-010F33AA4F3A}.Debug|iPhone.ActiveCfg = Debug|Any CPU
		{C42B6DCD-C58B-4504-A624-010F33AA4F3A}.Debug|iPhone.Build.0 = Debug|Any CPU
		{C42B6DCD-C58B-4504-A624-010F33AA4F3A}.Debug|iPhoneSimulator.ActiveCfg = Debug|Any CPU
		{C42B6DCD-C58B-4504-A624-010F33AA4F3A}.Debug|iPhoneSimulator.Build.0 = Debug|Any CPU
		{C42B6DCD-C58B-4504-A624-010F33AA4F3A}.Debug|x64.ActiveCfg = Debug|Any CPU
		{C42B6DCD-C58B-4504-A624-010F33AA4F3A}.Debug|x64.Build.0 = Debug|Any CPU
		{C42B6DCD-C58B-4504-A624-010F33AA4F3A}.Debug|x86.ActiveCfg = Debug|Any CPU
		{C42B6DCD-C58B-4504-A624-010F33AA4F3A}.Debug|x86.Build.0 = Debug|Any CPU
		{C42B6DCD-C58B-4504-A624-010F33AA4F3A}.Release|Any CPU.ActiveCfg = Release|Any CPU
		{C42B6DCD-C58B-4504-A624-010F33AA4F3A}.Release|Any CPU.Build.0 = Release|Any CPU
		{C42B6DCD-C58B-4504-A624-010F33AA4F3A}.Release|ARM.ActiveCfg = Release|Any CPU
		{C42B6DCD-C58B-4504-A624-010F33AA4F3A}.Release|ARM.Build.0 = Release|Any CPU
		{C42B6DCD-C58B-4504-A624-010F33AA4F3A}.Release|iPhone.ActiveCfg = Release|Any CPU
		{C42B6DCD-C58B-4504-A624-010F33AA4F3A}.Release|iPhone.Build.0 = Release|Any CPU
		{C42B6DCD-C58B-4504-A624-010F33AA4F3A}.Release|iPhoneSimulator.ActiveCfg = Release|Any CPU
		{C42B6DCD-C58B-4504-A624-010F33AA4F3A}.Release|iPhoneSimulator.Build.0 = Release|Any CPU
		{C42B6DCD-C58B-4504-A624-010F33AA4F3A}.Release|x64.ActiveCfg = Release|Any CPU
		{C42B6DCD-C58B-4504-A624-010F33AA4F3A}.Release|x64.Build.0 = Release|Any CPU
		{C42B6DCD-C58B-4504-A624-010F33AA4F3A}.Release|x86.ActiveCfg = Release|Any CPU
		{C42B6DCD-C58B-4504-A624-010F33AA4F3A}.Release|x86.Build.0 = Release|Any CPU
	EndGlobalSection
	GlobalSection(SolutionProperties) = preSolution
		HideSolutionNode = FALSE
	EndGlobalSection
	GlobalSection(NestedProjects) = preSolution
		{1ADA4358-5FB2-4C4D-9DFB-25D0CEF3DDAB} = {60BB9474-6E19-40BC-9D8E-2A55356BF041}
		{FC03AF3C-A623-4022-A9C9-2135C56F6F9A} = {60BB9474-6E19-40BC-9D8E-2A55356BF041}
		{FD29F376-CFEC-4F5A-8A83-4C76E9EE9C44} = {60BB9474-6E19-40BC-9D8E-2A55356BF041}
	EndGlobalSection
	GlobalSection(ExtensibilityGlobals) = postSolution
		SolutionGuid = {5C782D53-AD35-43DF-B620-5CF718529B5D}
	EndGlobalSection
EndGlobal
